
Microsoft Visual Studio Solution File, Format Version 12.00
# Visual Studio Version 17
VisualStudioVersion = 17.5.2.0
MinimumVisualStudioVersion = 10.0.40219.1
Project("{FAE04EC0-301F-11D3-BF4B-00C04F79EFBC}") = "ConsoleApp1", "ConsoleApp1.csproj", "{7B5B0BC2-7E08-E58C-6436-F53A2B87BA1D}"
EndProject
Project("{FAE04EC0-301F-11D3-BF4B-00C04F79EFBC}") = "Lesson2", "Lesson2\Lesson2.csproj", "{AD758BE3-CFDF-461E-BF75-F58719E02533}"
EndProject
Project("{FAE04EC0-301F-11D3-BF4B-00C04F79EFBC}") = "DeliveryDrone", "DeliveryDrone\DeliveryDrone.csproj", "{E21E3AA0-B2E2-43FE-BB53-0B49EDAA158A}"
EndProject
Project("{2150E333-8FDC-42A3-9474-1A3956D46DE8}") = "CheckFlight", "CheckFlight", "{C6D7E84A-B8CF-8C2F-8268-3148A19D6594}"
EndProject
Global
	GlobalSection(SolutionConfigurationPlatforms) = preSolution
		Debug|Any CPU = Debug|Any CPU
		Debug|x64 = Debug|x64
		Debug|x86 = Debug|x86
		Release|Any CPU = Release|Any CPU
		Release|x64 = Release|x64
		Release|x86 = Release|x86
	EndGlobalSection
	GlobalSection(ProjectConfigurationPlatforms) = postSolution
		{7B5B0BC2-7E08-E58C-6436-F53A2B87BA1D}.Debug|Any CPU.ActiveCfg = Debug|Any CPU
		{7B5B0BC2-7E08-E58C-6436-F53A2B87BA1D}.Debug|Any CPU.Build.0 = Debug|Any CPU
		{7B5B0BC2-7E08-E58C-6436-F53A2B87BA1D}.Debug|x64.ActiveCfg = Debug|Any CPU
		{7B5B0BC2-7E08-E58C-6436-F53A2B87BA1D}.Debug|x64.Build.0 = Debug|Any CPU
		{7B5B0BC2-7E08-E58C-6436-F53A2B87BA1D}.Debug|x86.ActiveCfg = Debug|Any CPU
		{7B5B0BC2-7E08-E58C-6436-F53A2B87BA1D}.Debug|x86.Build.0 = Debug|Any CPU
		{7B5B0BC2-7E08-E58C-6436-F53A2B87BA1D}.Release|Any CPU.ActiveCfg = Release|Any CPU
		{7B5B0BC2-7E08-E58C-6436-F53A2B87BA1D}.Release|Any CPU.Build.0 = Release|Any CPU
		{7B5B0BC2-7E08-E58C-6436-F53A2B87BA1D}.Release|x64.ActiveCfg = Release|Any CPU
		{7B5B0BC2-7E08-E58C-6436-F53A2B87BA1D}.Release|x64.Build.0 = Release|Any CPU
		{7B5B0BC2-7E08-E58C-6436-F53A2B87BA1D}.Release|x86.ActiveCfg = Release|Any CPU
		{7B5B0BC2-7E08-E58C-6436-F53A2B87BA1D}.Release|x86.Build.0 = Release|Any CPU
		{AD758BE3-CFDF-461E-BF75-F58719E02533}.Debug|Any CPU.ActiveCfg = Debug|Any CPU
		{AD758BE3-CFDF-461E-BF75-F58719E02533}.Debug|Any CPU.Build.0 = Debug|Any CPU
		{AD758BE3-CFDF-461E-BF75-F58719E02533}.Debug|x64.ActiveCfg = Debug|Any CPU
		{AD758BE3-CFDF-461E-BF75-F58719E02533}.Debug|x64.Build.0 = Debug|Any CPU
		{AD758BE3-CFDF-461E-BF75-F58719E02533}.Debug|x86.ActiveCfg = Debug|Any CPU
		{AD758BE3-CFDF-461E-BF75-F58719E02533}.Debug|x86.Build.0 = Debug|Any CPU
		{AD758BE3-CFDF-461E-BF75-F58719E02533}.Release|Any CPU.ActiveCfg = Release|Any CPU
		{AD758BE3-CFDF-461E-BF75-F58719E02533}.Release|Any CPU.Build.0 = Release|Any CPU
		{AD758BE3-CFDF-461E-BF75-F58719E02533}.Release|x64.ActiveCfg = Release|Any CPU
		{AD758BE3-CFDF-461E-BF75-F58719E02533}.Release|x64.Build.0 = Release|Any CPU
		{AD758BE3-CFDF-461E-BF75-F58719E02533}.Release|x86.ActiveCfg = Release|Any CPU
		{AD758BE3-CFDF-461E-BF75-F58719E02533}.Release|x86.Build.0 = Release|Any CPU
		{E21E3AA0-B2E2-43FE-BB53-0B49EDAA158A}.Debug|Any CPU.ActiveCfg = Debug|Any CPU
		{E21E3AA0-B2E2-43FE-BB53-0B49EDAA158A}.Debug|Any CPU.Build.0 = Debug|Any CPU
		{E21E3AA0-B2E2-43FE-BB53-0B49EDAA158A}.Debug|x64.ActiveCfg = Debug|Any CPU
		{E21E3AA0-B2E2-43FE-BB53-0B49EDAA158A}.Debug|x64.Build.0 = Debug|Any CPU
		{E21E3AA0-B2E2-43FE-BB53-0B49EDAA158A}.Debug|x86.ActiveCfg = Debug|Any CPU
		{E21E3AA0-B2E2-43FE-BB53-0B49EDAA158A}.Debug|x86.Build.0 = Debug|Any CPU
		{E21E3AA0-B2E2-43FE-BB53-0B49EDAA158A}.Release|Any CPU.ActiveCfg = Release|Any CPU
		{E21E3AA0-B2E2-43FE-BB53-0B49EDAA158A}.Release|Any CPU.Build.0 = Release|Any CPU
		{E21E3AA0-B2E2-43FE-BB53-0B49EDAA158A}.Release|x64.ActiveCfg = Release|Any CPU
		{E21E3AA0-B2E2-43FE-BB53-0B49EDAA158A}.Release|x64.Build.0 = Release|Any CPU
		{E21E3AA0-B2E2-43FE-BB53-0B49EDAA158A}.Release|x86.ActiveCfg = Release|Any CPU
		{E21E3AA0-B2E2-43FE-BB53-0B49EDAA158A}.Release|x86.Build.0 = Release|Any CPU
	EndGlobalSection
	GlobalSection(SolutionProperties) = preSolution
		HideSolutionNode = FALSE
	EndGlobalSection
	GlobalSection(ExtensibilityGlobals) = postSolution
		SolutionGuid = {B234AA2D-C28D-4B5E-81EC-8947C4FA7CA4}
	EndGlobalSection
EndGlobal
